
Microsoft Visual Studio Solution File, Format Version 12.00
# Visual Studio Version 16
VisualStudioVersion = 16.0.28803.540
MinimumVisualStudioVersion = 10.0.40219.1
Project("{FAE04EC0-301F-11D3-BF4B-00C04F79EFBC}") = "jayWilkinson", "jayWilkinson\jayWilkinson.csproj", "{0E279DDD-B1FE-4019-9AF8-5A03B08F874A}"
EndProject
Global
	GlobalSection(SolutionConfigurationPlatforms) = preSolution
		Debug|Any CPU = Debug|Any CPU
		Release|Any CPU = Release|Any CPU
	EndGlobalSection
	GlobalSection(ProjectConfigurationPlatforms) = postSolution
		{0E279DDD-B1FE-4019-9AF8-5A03B08F874A}.Debug|Any CPU.ActiveCfg = Debug|Any CPU
		{0E279DDD-B1FE-4019-9AF8-5A03B08F874A}.Debug|Any CPU.Build.0 = Debug|Any CPU
		{0E279DDD-B1FE-4019-9AF8-5A03B08F874A}.Release|Any CPU.ActiveCfg = Release|Any CPU
		{0E279DDD-B1FE-4019-9AF8-5A03B08F874A}.Release|Any CPU.Build.0 = Release|Any CPU
	EndGlobalSection
	GlobalSection(SolutionProperties) = preSolution
		HideSolutionNode = FALSE
	EndGlobalSection
	GlobalSection(ExtensibilityGlobals) = postSolution
		SolutionGuid = {6A86533D-AD63-4DD3-A077-F5380DB739A5}
	EndGlobalSection
EndGlobal
